
Microsoft Visual Studio Solution File, Format Version 12.00
# Visual Studio Version 17
VisualStudioVersion = 17.8.34330.188
MinimumVisualStudioVersion = 10.0.40219.1
Project("{FAE04EC0-301F-11D3-BF4B-00C04F79EFBC}") = "Hybrid.CQRS", "Hybrid.CQRS\Hybrid.CQRS.csproj", "{E6F920A3-E9EB-4CFD-8A63-94877E21AC6F}"
EndProject
Project("{FAE04EC0-301F-11D3-BF4B-00C04F79EFBC}") = "Hybrid.Web", "Hybrid.Web\Hybrid.Web.csproj", "{21F97BB7-6E91-48E9-B865-0535FE2133F2}"
EndProject
Global
	GlobalSection(SolutionConfigurationPlatforms) = preSolution
		Debug|Any CPU = Debug|Any CPU
		Release|Any CPU = Release|Any CPU
	EndGlobalSection
	GlobalSection(ProjectConfigurationPlatforms) = postSolution
		{E6F920A3-E9EB-4CFD-8A63-94877E21AC6F}.Debug|Any CPU.ActiveCfg = Debug|Any CPU
		{E6F920A3-E9EB-4CFD-8A63-94877E21AC6F}.Debug|Any CPU.Build.0 = Debug|Any CPU
		{E6F920A3-E9EB-4CFD-8A63-94877E21AC6F}.Release|Any CPU.ActiveCfg = Release|Any CPU
		{E6F920A3-E9EB-4CFD-8A63-94877E21AC6F}.Release|Any CPU.Build.0 = Release|Any CPU
		{21F97BB7-6E91-48E9-B865-0535FE2133F2}.Debug|Any CPU.ActiveCfg = Debug|Any CPU
		{21F97BB7-6E91-48E9-B865-0535FE2133F2}.Debug|Any CPU.Build.0 = Debug|Any CPU
		{21F97BB7-6E91-48E9-B865-0535FE2133F2}.Release|Any CPU.ActiveCfg = Release|Any CPU
		{21F97BB7-6E91-48E9-B865-0535FE2133F2}.Release|Any CPU.Build.0 = Release|Any CPU
	EndGlobalSection
	GlobalSection(SolutionProperties) = preSolution
		HideSolutionNode = FALSE
	EndGlobalSection
	GlobalSection(ExtensibilityGlobals) = postSolution
		SolutionGuid = {898A01B7-A552-4000-B2E4-BC315E093168}
	EndGlobalSection
EndGlobal
