
Microsoft Visual Studio Solution File, Format Version 12.00
# Visual Studio Version 17
VisualStudioVersion = 17.8.34330.188
MinimumVisualStudioVersion = 10.0.40219.1
Project("{9A19103F-16F7-4668-BE54-9A1E7A4F7556}") = "Hybrid.CQRS", "Hybrid.CQRS\Hybrid.CQRS.csproj", "{E6F920A3-E9EB-4CFD-8A63-94877E21AC6F}"
EndProject
Project("{9A19103F-16F7-4668-BE54-9A1E7A4F7556}") = "Hybrid.Web", "Hybrid.Web\Hybrid.Web.csproj", "{21F97BB7-6E91-48E9-B865-0535FE2133F2}"
EndProject
Project("{9A19103F-16F7-4668-BE54-9A1E7A4F7556}") = "Hybrid.Web.UIComponent", "Hybrid.Web.UIComponent\Hybrid.Web.UIComponent.csproj", "{DC067923-B2FF-4286-94D1-EA199FB4C87C}"
EndProject
Project("{9A19103F-16F7-4668-BE54-9A1E7A4F7556}") = "Hybrid.Web.Shared", "Hybrid.Web.Shared\Hybrid.Web.Shared.csproj", "{35489CC6-43FC-408A-964C-6855441B3194}"
EndProject
Project("{9A19103F-16F7-4668-BE54-9A1E7A4F7556}") = "Hybrid.Web.FormEngine", "Hybrid.Web.FormEngine\Hybrid.Web.FormEngine.csproj", "{9B15B038-F369-44F7-9BC9-979907BF49F5}"
EndProject
Global
	GlobalSection(SolutionConfigurationPlatforms) = preSolution
		Debug|Any CPU = Debug|Any CPU
		Release|Any CPU = Release|Any CPU
	EndGlobalSection
	GlobalSection(ProjectConfigurationPlatforms) = postSolution
		{E6F920A3-E9EB-4CFD-8A63-94877E21AC6F}.Debug|Any CPU.ActiveCfg = Debug|Any CPU
		{E6F920A3-E9EB-4CFD-8A63-94877E21AC6F}.Debug|Any CPU.Build.0 = Debug|Any CPU
		{E6F920A3-E9EB-4CFD-8A63-94877E21AC6F}.Release|Any CPU.ActiveCfg = Release|Any CPU
		{E6F920A3-E9EB-4CFD-8A63-94877E21AC6F}.Release|Any CPU.Build.0 = Release|Any CPU
		{21F97BB7-6E91-48E9-B865-0535FE2133F2}.Debug|Any CPU.ActiveCfg = Debug|Any CPU
		{21F97BB7-6E91-48E9-B865-0535FE2133F2}.Debug|Any CPU.Build.0 = Debug|Any CPU
		{21F97BB7-6E91-48E9-B865-0535FE2133F2}.Release|Any CPU.ActiveCfg = Release|Any CPU
		{21F97BB7-6E91-48E9-B865-0535FE2133F2}.Release|Any CPU.Build.0 = Release|Any CPU
		{DC067923-B2FF-4286-94D1-EA199FB4C87C}.Debug|Any CPU.ActiveCfg = Debug|Any CPU
		{DC067923-B2FF-4286-94D1-EA199FB4C87C}.Debug|Any CPU.Build.0 = Debug|Any CPU
		{DC067923-B2FF-4286-94D1-EA199FB4C87C}.Release|Any CPU.ActiveCfg = Release|Any CPU
		{DC067923-B2FF-4286-94D1-EA199FB4C87C}.Release|Any CPU.Build.0 = Release|Any CPU
		{35489CC6-43FC-408A-964C-6855441B3194}.Debug|Any CPU.ActiveCfg = Debug|Any CPU
		{35489CC6-43FC-408A-964C-6855441B3194}.Debug|Any CPU.Build.0 = Debug|Any CPU
		{35489CC6-43FC-408A-964C-6855441B3194}.Release|Any CPU.ActiveCfg = Release|Any CPU
		{35489CC6-43FC-408A-964C-6855441B3194}.Release|Any CPU.Build.0 = Release|Any CPU
		{9B15B038-F369-44F7-9BC9-979907BF49F5}.Debug|Any CPU.ActiveCfg = Debug|Any CPU
		{9B15B038-F369-44F7-9BC9-979907BF49F5}.Debug|Any CPU.Build.0 = Debug|Any CPU
		{9B15B038-F369-44F7-9BC9-979907BF49F5}.Release|Any CPU.ActiveCfg = Release|Any CPU
		{9B15B038-F369-44F7-9BC9-979907BF49F5}.Release|Any CPU.Build.0 = Release|Any CPU
	EndGlobalSection
	GlobalSection(SolutionProperties) = preSolution
		HideSolutionNode = FALSE
	EndGlobalSection
	GlobalSection(ExtensibilityGlobals) = postSolution
		SolutionGuid = {898A01B7-A552-4000-B2E4-BC315E093168}
	EndGlobalSection
EndGlobal
